// !$*UTF8*$!
{
	archiveVersion = 1;
	classes = {
	};
	objectVersion = 56;
	objects = {

/* Begin PBXBuildFile section */
		F10000000000000000000001 /* AppViews.swift in Sources */ = {isa = PBXBuildFile; fileRef = A11000000000000000000001 /* AppViews.swift */; };
		F10000000000000000000002 /* BoardRenderer.swift in Sources */ = {isa = PBXBuildFile; fileRef = A11000000000000000000002 /* BoardRenderer.swift */; };
		F10000000000000000000003 /* CInterop.swift in Sources */ = {isa = PBXBuildFile; fileRef = A11000000000000000000003 /* CInterop.swift */; };
		F10000000000000000000004 /* CampaignModel.swift in Sources */ = {isa = PBXBuildFile; fileRef = A11000000000000000000004 /* CampaignModel.swift */; };
		F10000000000000000000005 /* CampaignViews.swift in Sources */ = {isa = PBXBuildFile; fileRef = A11000000000000000000005 /* CampaignViews.swift */; };
		F10000000000000000000006 /* FieldOfChaosAppShell.swift in Sources */ = {isa = PBXBuildFile; fileRef = A11000000000000000000006 /* FieldOfChaosAppShell.swift */; };
		F10000000000000000000007 /* GameStore.swift in Sources */ = {isa = PBXBuildFile; fileRef = A11000000000000000000007 /* GameStore.swift */; };
		F10000000000000000000008 /* RuleReference.swift in Sources */ = {isa = PBXBuildFile; fileRef = A11000000000000000000008 /* RuleReference.swift */; };
		F10000000000000000000009 /* RuleViews.swift in Sources */ = {isa = PBXBuildFile; fileRef = A11000000000000000000009 /* RuleViews.swift */; };
		F1000000000000000000000A /* SkirmishModel.swift in Sources */ = {isa = PBXBuildFile; fileRef = A1100000000000000000000A /* SkirmishModel.swift */; };
		F1000000000000000000000B /* SkirmishViews.swift in Sources */ = {isa = PBXBuildFile; fileRef = A1100000000000000000000B /* SkirmishViews.swift */; };
		F1000000000000000000000C /* TutorialModel.swift in Sources */ = {isa = PBXBuildFile; fileRef = A1100000000000000000000C /* TutorialModel.swift */; };
		F1000000000000000000000D /* fieldofchaos_engine.c in Sources */ = {isa = PBXBuildFile; fileRef = A12000000000000000000003 /* fieldofchaos_engine.c */; };
		F1000000000000000000000E /* BoardShaders.metal in Sources */ = {isa = PBXBuildFile; fileRef = A1100000000000000000000D /* BoardShaders.metal */; };
		F1000000000000000000000F /* alice.json in Resources */ = {isa = PBXBuildFile; fileRef = A13000000000000000000001 /* alice.json */; };
		F10000000000000000000010 /* bob.json in Resources */ = {isa = PBXBuildFile; fileRef = A13000000000000000000002 /* bob.json */; };
		F10000000000000000000011 /* field-of-chaos-rules-natural-english.md in Resources */ = {isa = PBXBuildFile; fileRef = A13000000000000000000003 /* field-of-chaos-rules-natural-english.md */; };
		F10000000000000000000012 /* AppIcon.icns in Resources */ = {isa = PBXBuildFile; fileRef = A14000000000000000000002 /* AppIcon.icns */; };
		F20000000000000000000001 /* fieldofchaos.c in Sources */ = {isa = PBXBuildFile; fileRef = A12000000000000000000001 /* fieldofchaos.c */; };
		F20000000000000000000002 /* fieldofchaos_engine.c in Sources */ = {isa = PBXBuildFile; fileRef = A12000000000000000000003 /* fieldofchaos_engine.c */; };
		F20000000000000000000003 /* character_create.c in Sources */ = {isa = PBXBuildFile; fileRef = A12000000000000000000002 /* character_create.c */; };
		F20000000000000000000004 /* fieldofchaos_engine.c in Sources */ = {isa = PBXBuildFile; fileRef = A12000000000000000000003 /* fieldofchaos_engine.c */; };
		F20000000000000000000005 /* test_engine.c in Sources */ = {isa = PBXBuildFile; fileRef = A12000000000000000000006 /* test_engine.c */; };
		F20000000000000000000006 /* fieldofchaos_engine.c in Sources */ = {isa = PBXBuildFile; fileRef = A12000000000000000000003 /* fieldofchaos_engine.c */; };
/* End PBXBuildFile section */

/* Begin PBXFileReference section */
		A11000000000000000000001 /* AppViews.swift */ = {isa = PBXFileReference; lastKnownFileType = sourcecode.swift; path = AppViews.swift; sourceTree = "<group>"; };
		A11000000000000000000002 /* BoardRenderer.swift */ = {isa = PBXFileReference; lastKnownFileType = sourcecode.swift; path = BoardRenderer.swift; sourceTree = "<group>"; };
		A11000000000000000000003 /* CInterop.swift */ = {isa = PBXFileReference; lastKnownFileType = sourcecode.swift; path = CInterop.swift; sourceTree = "<group>"; };
		A11000000000000000000004 /* CampaignModel.swift */ = {isa = PBXFileReference; lastKnownFileType = sourcecode.swift; path = CampaignModel.swift; sourceTree = "<group>"; };
		A11000000000000000000005 /* CampaignViews.swift */ = {isa = PBXFileReference; lastKnownFileType = sourcecode.swift; path = CampaignViews.swift; sourceTree = "<group>"; };
		A11000000000000000000006 /* FieldOfChaosAppShell.swift */ = {isa = PBXFileReference; lastKnownFileType = sourcecode.swift; path = FieldOfChaosAppShell.swift; sourceTree = "<group>"; };
		A11000000000000000000007 /* GameStore.swift */ = {isa = PBXFileReference; lastKnownFileType = sourcecode.swift; path = GameStore.swift; sourceTree = "<group>"; };
		A11000000000000000000008 /* RuleReference.swift */ = {isa = PBXFileReference; lastKnownFileType = sourcecode.swift; path = RuleReference.swift; sourceTree = "<group>"; };
		A11000000000000000000009 /* RuleViews.swift */ = {isa = PBXFileReference; lastKnownFileType = sourcecode.swift; path = RuleViews.swift; sourceTree = "<group>"; };
		A1100000000000000000000A /* SkirmishModel.swift */ = {isa = PBXFileReference; lastKnownFileType = sourcecode.swift; path = SkirmishModel.swift; sourceTree = "<group>"; };
		A1100000000000000000000B /* SkirmishViews.swift */ = {isa = PBXFileReference; lastKnownFileType = sourcecode.swift; path = SkirmishViews.swift; sourceTree = "<group>"; };
		A1100000000000000000000C /* TutorialModel.swift */ = {isa = PBXFileReference; lastKnownFileType = sourcecode.swift; path = TutorialModel.swift; sourceTree = "<group>"; };
		A1100000000000000000000D /* BoardShaders.metal */ = {isa = PBXFileReference; lastKnownFileType = sourcecode.metal; path = BoardShaders.metal; sourceTree = "<group>"; };
		A12000000000000000000001 /* fieldofchaos.c */ = {isa = PBXFileReference; lastKnownFileType = sourcecode.c.c; path = fieldofchaos.c; sourceTree = "<group>"; };
		A12000000000000000000002 /* character_create.c */ = {isa = PBXFileReference; lastKnownFileType = sourcecode.c.c; path = character_create.c; sourceTree = "<group>"; };
		A12000000000000000000003 /* fieldofchaos_engine.c */ = {isa = PBXFileReference; lastKnownFileType = sourcecode.c.c; path = fieldofchaos_engine.c; sourceTree = "<group>"; };
		A12000000000000000000004 /* fieldofchaos_engine.h */ = {isa = PBXFileReference; lastKnownFileType = sourcecode.c.h; path = fieldofchaos_engine.h; sourceTree = "<group>"; };
		A12000000000000000000005 /* module.modulemap */ = {isa = PBXFileReference; lastKnownFileType = "sourcecode.module-map"; path = module.modulemap; sourceTree = "<group>"; };
		A12000000000000000000006 /* test_engine.c */ = {isa = PBXFileReference; lastKnownFileType = sourcecode.c.c; path = test_engine.c; sourceTree = "<group>"; };
		A13000000000000000000001 /* alice.json */ = {isa = PBXFileReference; lastKnownFileType = text.json; path = alice.json; sourceTree = "<group>"; };
		A13000000000000000000002 /* bob.json */ = {isa = PBXFileReference; lastKnownFileType = text.json; path = bob.json; sourceTree = "<group>"; };
		A13000000000000000000003 /* field-of-chaos-rules-natural-english.md */ = {isa = PBXFileReference; lastKnownFileType = net.daringfireball.markdown; path = "field-of-chaos-rules-natural-english.md"; sourceTree = "<group>"; };
		A14000000000000000000001 /* Info.plist */ = {isa = PBXFileReference; lastKnownFileType = text.plist.xml; path = Info.plist; sourceTree = "<group>"; };
		A14000000000000000000002 /* AppIcon.icns */ = {isa = PBXFileReference; lastKnownFileType = image.icns; path = AppIcon.icns; sourceTree = "<group>"; };
		A15000000000000000000001 /* FieldOfChaos.app */ = {isa = PBXFileReference; explicitFileType = wrapper.application; includeInIndex = 0; path = FieldOfChaos.app; sourceTree = BUILT_PRODUCTS_DIR; };
		A15000000000000000000002 /* fieldofchaos */ = {isa = PBXFileReference; explicitFileType = "compiled.mach-o.executable"; includeInIndex = 0; path = fieldofchaos; sourceTree = BUILT_PRODUCTS_DIR; };
		A15000000000000000000003 /* character_create */ = {isa = PBXFileReference; explicitFileType = "compiled.mach-o.executable"; includeInIndex = 0; path = character_create; sourceTree = BUILT_PRODUCTS_DIR; };
		A15000000000000000000004 /* test_engine */ = {isa = PBXFileReference; explicitFileType = "compiled.mach-o.executable"; includeInIndex = 0; path = test_engine; sourceTree = BUILT_PRODUCTS_DIR; };
/* End PBXFileReference section */

/* Begin PBXFrameworksBuildPhase section */
		E10000000000000000000003 /* Frameworks */ = {
			isa = PBXFrameworksBuildPhase;
			buildActionMask = 2147483647;
			files = (
			);
			runOnlyForDeploymentPostprocessing = 0;
		};
		E20000000000000000000003 /* Frameworks */ = {
			isa = PBXFrameworksBuildPhase;
			buildActionMask = 2147483647;
			files = (
			);
			runOnlyForDeploymentPostprocessing = 0;
		};
		E30000000000000000000003 /* Frameworks */ = {
			isa = PBXFrameworksBuildPhase;
			buildActionMask = 2147483647;
			files = (
			);
			runOnlyForDeploymentPostprocessing = 0;
		};
		E40000000000000000000003 /* Frameworks */ = {
			isa = PBXFrameworksBuildPhase;
			buildActionMask = 2147483647;
			files = (
			);
			runOnlyForDeploymentPostprocessing = 0;
		};
/* End PBXFrameworksBuildPhase section */

/* Begin PBXGroup section */
		A00000000000000000000002 = {
			isa = PBXGroup;
			children = (
				A00000000000000000000004 /* AppShell */,
				A00000000000000000000006 /* src */,
				A0000000000000000000000A /* docs */,
				A0000000000000000000000B /* packaging */,
				A00000000000000000000003 /* Products */,
			);
			sourceTree = "<group>";
		};
		A00000000000000000000003 /* Products */ = {
			isa = PBXGroup;
			children = (
				A15000000000000000000001 /* FieldOfChaos.app */,
				A15000000000000000000002 /* fieldofchaos */,
				A15000000000000000000003 /* character_create */,
				A15000000000000000000004 /* test_engine */,
			);
			name = Products;
			sourceTree = "<group>";
		};
		A00000000000000000000004 /* AppShell */ = {
			isa = PBXGroup;
			children = (
				A11000000000000000000006 /* FieldOfChaosAppShell.swift */,
				A11000000000000000000001 /* AppViews.swift */,
				A11000000000000000000002 /* BoardRenderer.swift */,
				A11000000000000000000003 /* CInterop.swift */,
				A11000000000000000000004 /* CampaignModel.swift */,
				A11000000000000000000005 /* CampaignViews.swift */,
				A11000000000000000000007 /* GameStore.swift */,
				A11000000000000000000008 /* RuleReference.swift */,
				A11000000000000000000009 /* RuleViews.swift */,
				A1100000000000000000000A /* SkirmishModel.swift */,
				A1100000000000000000000B /* SkirmishViews.swift */,
				A1100000000000000000000C /* TutorialModel.swift */,
				A00000000000000000000005 /* Shaders */,
			);
			path = AppShell;
			sourceTree = "<group>";
		};
		A00000000000000000000005 /* Shaders */ = {
			isa = PBXGroup;
			children = (
				A1100000000000000000000D /* BoardShaders.metal */,
			);
			path = Shaders;
			sourceTree = "<group>";
		};
		A00000000000000000000006 /* src */ = {
			isa = PBXGroup;
			children = (
				A12000000000000000000001 /* fieldofchaos.c */,
				A12000000000000000000002 /* character_create.c */,
				A00000000000000000000007 /* engine */,
				A00000000000000000000009 /* tests */,
			);
			path = src;
			sourceTree = "<group>";
		};
		A00000000000000000000007 /* engine */ = {
			isa = PBXGroup;
			children = (
				A12000000000000000000003 /* fieldofchaos_engine.c */,
				A00000000000000000000008 /* include */,
			);
			path = engine;
			sourceTree = "<group>";
		};
		A00000000000000000000008 /* include */ = {
			isa = PBXGroup;
			children = (
				A12000000000000000000004 /* fieldofchaos_engine.h */,
				A12000000000000000000005 /* module.modulemap */,
			);
			path = include;
			sourceTree = "<group>";
		};
		A00000000000000000000009 /* tests */ = {
			isa = PBXGroup;
			children = (
				A12000000000000000000006 /* test_engine.c */,
			);
			path = tests;
			sourceTree = "<group>";
		};
		A0000000000000000000000A /* docs */ = {
			isa = PBXGroup;
			children = (
				A13000000000000000000001 /* alice.json */,
				A13000000000000000000002 /* bob.json */,
				A13000000000000000000003 /* field-of-chaos-rules-natural-english.md */,
			);
			path = docs;
			sourceTree = "<group>";
		};
		A0000000000000000000000B /* packaging */ = {
			isa = PBXGroup;
			children = (
				A14000000000000000000001 /* Info.plist */,
				A14000000000000000000002 /* AppIcon.icns */,
			);
			path = packaging;
			sourceTree = "<group>";
		};
/* End PBXGroup section */

/* Begin PBXNativeTarget section */
		B10000000000000000000001 /* FieldOfChaos */ = {
			isa = PBXNativeTarget;
			buildConfigurationList = C20000000000000000000001 /* Build configuration list for PBXNativeTarget "FieldOfChaos" */;
			buildPhases = (
				E10000000000000000000001 /* Sources */,
				E10000000000000000000003 /* Frameworks */,
				E10000000000000000000002 /* Resources */,
			);
			buildRules = (
			);
			dependencies = (
			);
			name = FieldOfChaos;
			productName = FieldOfChaos;
			productReference = A15000000000000000000001 /* FieldOfChaos.app */;
			productType = "com.apple.product-type.application";
		};
		B10000000000000000000002 /* fieldofchaos */ = {
			isa = PBXNativeTarget;
			buildConfigurationList = C20100000000000000000001 /* Build configuration list for PBXNativeTarget "fieldofchaos" */;
			buildPhases = (
				E20000000000000000000001 /* Sources */,
				E20000000000000000000003 /* Frameworks */,
			);
			buildRules = (
			);
			dependencies = (
			);
			name = fieldofchaos;
			productName = fieldofchaos;
			productReference = A15000000000000000000002 /* fieldofchaos */;
			productType = "com.apple.product-type.tool";
		};
		B10000000000000000000003 /* character_create */ = {
			isa = PBXNativeTarget;
			buildConfigurationList = C20200000000000000000001 /* Build configuration list for PBXNativeTarget "character_create" */;
			buildPhases = (
				E30000000000000000000001 /* Sources */,
				E30000000000000000000003 /* Frameworks */,
			);
			buildRules = (
			);
			dependencies = (
			);
			name = character_create;
			productName = character_create;
			productReference = A15000000000000000000003 /* character_create */;
			productType = "com.apple.product-type.tool";
		};
		B10000000000000000000004 /* test_engine */ = {
			isa = PBXNativeTarget;
			buildConfigurationList = C20300000000000000000001 /* Build configuration list for PBXNativeTarget "test_engine" */;
			buildPhases = (
				E40000000000000000000001 /* Sources */,
				E40000000000000000000003 /* Frameworks */,
			);
			buildRules = (
			);
			dependencies = (
			);
			name = test_engine;
			productName = test_engine;
			productReference = A15000000000000000000004 /* test_engine */;
			productType = "com.apple.product-type.tool";
		};
/* End PBXNativeTarget section */

/* Begin PBXProject section */
		A00000000000000000000001 /* Project object */ = {
			isa = PBXProject;
			attributes = {
				BuildIndependentTargetsInParallel = 1;
				LastUpgradeCheck = 1620;
				TargetAttributes = {
					B10000000000000000000001 = {
						CreatedOnToolsVersion = 16.2;
					};
					B10000000000000000000002 = {
						CreatedOnToolsVersion = 16.2;
					};
					B10000000000000000000003 = {
						CreatedOnToolsVersion = 16.2;
					};
					B10000000000000000000004 = {
						CreatedOnToolsVersion = 16.2;
					};
				};
			};
			buildConfigurationList = D00000000000000000000001 /* Build configuration list for PBXProject "FieldOfChaos" */;
			compatibilityVersion = "Xcode 14.0";
			developmentRegion = en;
			hasScannedForEncodings = 0;
			knownRegions = (
				en,
				Base,
			);
			mainGroup = A00000000000000000000002;
			productRefGroup = A00000000000000000000003 /* Products */;
			projectDirPath = "";
			projectRoot = "";
			targets = (
				B10000000000000000000001 /* FieldOfChaos */,
				B10000000000000000000002 /* fieldofchaos */,
				B10000000000000000000003 /* character_create */,
				B10000000000000000000004 /* test_engine */,
			);
		};
/* End PBXProject section */

/* Begin PBXResourcesBuildPhase section */
		E10000000000000000000002 /* Resources */ = {
			isa = PBXResourcesBuildPhase;
			buildActionMask = 2147483647;
			files = (
				F1000000000000000000000F /* alice.json in Resources */,
				F10000000000000000000010 /* bob.json in Resources */,
				F10000000000000000000011 /* field-of-chaos-rules-natural-english.md in Resources */,
				F10000000000000000000012 /* AppIcon.icns in Resources */,
			);
			runOnlyForDeploymentPostprocessing = 0;
		};
/* End PBXResourcesBuildPhase section */

/* Begin PBXSourcesBuildPhase section */
		E10000000000000000000001 /* Sources */ = {
			isa = PBXSourcesBuildPhase;
			buildActionMask = 2147483647;
			files = (
				F10000000000000000000006 /* FieldOfChaosAppShell.swift in Sources */,
				F10000000000000000000001 /* AppViews.swift in Sources */,
				F10000000000000000000002 /* BoardRenderer.swift in Sources */,
				F10000000000000000000003 /* CInterop.swift in Sources */,
				F10000000000000000000004 /* CampaignModel.swift in Sources */,
				F10000000000000000000005 /* CampaignViews.swift in Sources */,
				F10000000000000000000007 /* GameStore.swift in Sources */,
				F10000000000000000000008 /* RuleReference.swift in Sources */,
				F10000000000000000000009 /* RuleViews.swift in Sources */,
				F1000000000000000000000A /* SkirmishModel.swift in Sources */,
				F1000000000000000000000B /* SkirmishViews.swift in Sources */,
				F1000000000000000000000C /* TutorialModel.swift in Sources */,
				F1000000000000000000000D /* fieldofchaos_engine.c in Sources */,
				F1000000000000000000000E /* BoardShaders.metal in Sources */,
			);
			runOnlyForDeploymentPostprocessing = 0;
		};
		E20000000000000000000001 /* Sources */ = {
			isa = PBXSourcesBuildPhase;
			buildActionMask = 2147483647;
			files = (
				F20000000000000000000001 /* fieldofchaos.c in Sources */,
				F20000000000000000000002 /* fieldofchaos_engine.c in Sources */,
			);
			runOnlyForDeploymentPostprocessing = 0;
		};
		E30000000000000000000001 /* Sources */ = {
			isa = PBXSourcesBuildPhase;
			buildActionMask = 2147483647;
			files = (
				F20000000000000000000003 /* character_create.c in Sources */,
				F20000000000000000000004 /* fieldofchaos_engine.c in Sources */,
			);
			runOnlyForDeploymentPostprocessing = 0;
		};
		E40000000000000000000001 /* Sources */ = {
			isa = PBXSourcesBuildPhase;
			buildActionMask = 2147483647;
			files = (
				F20000000000000000000005 /* test_engine.c in Sources */,
				F20000000000000000000006 /* fieldofchaos_engine.c in Sources */,
			);
			runOnlyForDeploymentPostprocessing = 0;
		};
/* End PBXSourcesBuildPhase section */

/* Begin XCBuildConfiguration section */
		D00000000000000000000002 /* Debug */ = {
			isa = XCBuildConfiguration;
			buildSettings = {
				ALWAYS_SEARCH_USER_PATHS = NO;
				CLANG_ANALYZER_NONNULL = YES;
				CLANG_ANALYZER_NUMBER_OBJECT_CONVERSION = YES_AGGRESSIVE;
				CLANG_C_LANGUAGE_STANDARD = gnu11;
				CLANG_ENABLE_MODULES = YES;
				CLANG_ENABLE_OBJC_ARC = YES;
				CLANG_WARN_BLOCK_CAPTURE_AUTORELEASING = YES;
				CLANG_WARN_BOOL_CONVERSION = YES;
				CLANG_WARN_COMMA = YES;
				CLANG_WARN_CONSTANT_CONVERSION = YES;
				CLANG_WARN_DEPRECATED_OBJC_IMPLEMENTATIONS = YES;
				CLANG_WARN_DIRECT_OBJC_ISA_USAGE = YES_ERROR;
				CLANG_WARN_DOCUMENTATION_COMMENTS = YES;
				CLANG_WARN_EMPTY_BODY = YES;
				CLANG_WARN_ENUM_CONVERSION = YES;
				CLANG_WARN_INFINITE_RECURSION = YES;
				CLANG_WARN_INT_CONVERSION = YES;
				CLANG_WARN_NON_LITERAL_NULL_CONVERSION = YES;
				CLANG_WARN_OBJC_IMPLICIT_RETAIN_SELF = YES;
				CLANG_WARN_OBJC_LITERAL_CONVERSION = YES;
				CLANG_WARN_OBJC_ROOT_CLASS = YES_ERROR;
				CLANG_WARN_QUOTED_INCLUDE_IN_FRAMEWORK_HEADER = YES;
				CLANG_WARN_RANGE_LOOP_ANALYSIS = YES;
				CLANG_WARN_STRICT_PROTOTYPES = YES;
				CLANG_WARN_SUSPICIOUS_MOVE = YES;
				CLANG_WARN_UNGUARDED_AVAILABILITY = YES_AGGRESSIVE;
				CLANG_WARN_UNREACHABLE_CODE = YES;
				CLANG_WARN__DUPLICATE_METHOD_MATCH = YES;
				COPY_PHASE_STRIP = NO;
				DEBUG_INFORMATION_FORMAT = dwarf;
				ENABLE_STRICT_OBJC_MSGSEND = YES;
				ENABLE_TESTABILITY = YES;
				GCC_C_LANGUAGE_STANDARD = gnu11;
				GCC_DYNAMIC_NO_PIC = NO;
				GCC_NO_COMMON_BLOCKS = YES;
				GCC_OPTIMIZATION_LEVEL = 0;
				GCC_PREPROCESSOR_DEFINITIONS = (
					"DEBUG=1",
					"$(inherited)",
				);
				GCC_WARN_64_TO_32_BIT_CONVERSION = YES;
				GCC_WARN_ABOUT_RETURN_TYPE = YES_ERROR;
				GCC_WARN_UNDECLARED_SELECTOR = YES;
				GCC_WARN_UNINITIALIZED_AUTOS = YES_AGGRESSIVE;
				GCC_WARN_UNUSED_FUNCTION = YES;
				GCC_WARN_UNUSED_VARIABLE = YES;
				MACOSX_DEPLOYMENT_TARGET = 13.0;
				MTL_ENABLE_DEBUG_INFO = INCLUDE_SOURCE;
				MTL_FAST_MATH = YES;
				ONLY_ACTIVE_ARCH = YES;
				SDKROOT = macosx;
				SWIFT_ACTIVE_COMPILATION_CONDITIONS = DEBUG;
				SWIFT_OPTIMIZATION_LEVEL = "-Onone";
				SWIFT_VERSION = 5.0;
			};
			name = Debug;
		};
		D00000000000000000000003 /* Release */ = {
			isa = XCBuildConfiguration;
			buildSettings = {
				ALWAYS_SEARCH_USER_PATHS = NO;
				CLANG_ANALYZER_NONNULL = YES;
				CLANG_ANALYZER_NUMBER_OBJECT_CONVERSION = YES_AGGRESSIVE;
				CLANG_C_LANGUAGE_STANDARD = gnu11;
				CLANG_ENABLE_MODULES = YES;
				CLANG_ENABLE_OBJC_ARC = YES;
				CLANG_WARN_BLOCK_CAPTURE_AUTORELEASING = YES;
				CLANG_WARN_BOOL_CONVERSION = YES;
				CLANG_WARN_COMMA = YES;
				CLANG_WARN_CONSTANT_CONVERSION = YES;
				CLANG_WARN_DEPRECATED_OBJC_IMPLEMENTATIONS = YES;
				CLANG_WARN_DIRECT_OBJC_ISA_USAGE = YES_ERROR;
				CLANG_WARN_DOCUMENTATION_COMMENTS = YES;
				CLANG_WARN_EMPTY_BODY = YES;
				CLANG_WARN_ENUM_CONVERSION = YES;
				CLANG_WARN_INFINITE_RECURSION = YES;
				CLANG_WARN_INT_CONVERSION = YES;
				CLANG_WARN_NON_LITERAL_NULL_CONVERSION = YES;
				CLANG_WARN_OBJC_IMPLICIT_RETAIN_SELF = YES;
				CLANG_WARN_OBJC_LITERAL_CONVERSION = YES;
				CLANG_WARN_OBJC_ROOT_CLASS = YES_ERROR;
				CLANG_WARN_QUOTED_INCLUDE_IN_FRAMEWORK_HEADER = YES;
				CLANG_WARN_RANGE_LOOP_ANALYSIS = YES;
				CLANG_WARN_STRICT_PROTOTYPES = YES;
				CLANG_WARN_SUSPICIOUS_MOVE = YES;
				CLANG_WARN_UNGUARDED_AVAILABILITY = YES_AGGRESSIVE;
				CLANG_WARN_UNREACHABLE_CODE = YES;
				CLANG_WARN__DUPLICATE_METHOD_MATCH = YES;
				COPY_PHASE_STRIP = NO;
				DEBUG_INFORMATION_FORMAT = "dwarf-with-dsym";
				ENABLE_NS_ASSERTIONS = NO;
				ENABLE_STRICT_OBJC_MSGSEND = YES;
				GCC_C_LANGUAGE_STANDARD = gnu11;
				GCC_NO_COMMON_BLOCKS = YES;
				GCC_WARN_64_TO_32_BIT_CONVERSION = YES;
				GCC_WARN_ABOUT_RETURN_TYPE = YES_ERROR;
				GCC_WARN_UNDECLARED_SELECTOR = YES;
				GCC_WARN_UNINITIALIZED_AUTOS = YES_AGGRESSIVE;
				GCC_WARN_UNUSED_FUNCTION = YES;
				GCC_WARN_UNUSED_VARIABLE = YES;
				MACOSX_DEPLOYMENT_TARGET = 13.0;
				MTL_ENABLE_DEBUG_INFO = NO;
				MTL_FAST_MATH = YES;
				SDKROOT = macosx;
				SWIFT_COMPILATION_MODE = wholemodule;
				SWIFT_OPTIMIZATION_LEVEL = "-O";
				SWIFT_VERSION = 5.0;
			};
			name = Release;
		};
		D10000000000000000000002 /* Debug */ = {
			isa = XCBuildConfiguration;
			buildSettings = {
				CODE_SIGN_STYLE = Automatic;
				COMBINE_HIDPI_IMAGES = YES;
				GENERATE_INFOPLIST_FILE = NO;
				HEADER_SEARCH_PATHS = "$(SRCROOT)/src/engine/include";
				INFOPLIST_FILE = packaging/Info.plist;
				LD_RUNPATH_SEARCH_PATHS = (
					"$(inherited)",
					"@executable_path/../Frameworks",
				);
				MACOSX_DEPLOYMENT_TARGET = 13.0;
				PRODUCT_BUNDLE_IDENTIFIER = com.fieldofchaos.playable;
				PRODUCT_NAME = FieldOfChaos;
				SWIFT_INCLUDE_PATHS = "$(SRCROOT)/src/engine/include";
				SWIFT_VERSION = 5.0;
			};
			name = Debug;
		};
		D10000000000000000000003 /* Release */ = {
			isa = XCBuildConfiguration;
			buildSettings = {
				CODE_SIGN_STYLE = Automatic;
				COMBINE_HIDPI_IMAGES = YES;
				GENERATE_INFOPLIST_FILE = NO;
				HEADER_SEARCH_PATHS = "$(SRCROOT)/src/engine/include";
				INFOPLIST_FILE = packaging/Info.plist;
				LD_RUNPATH_SEARCH_PATHS = (
					"$(inherited)",
					"@executable_path/../Frameworks",
				);
				MACOSX_DEPLOYMENT_TARGET = 13.0;
				PRODUCT_BUNDLE_IDENTIFIER = com.fieldofchaos.playable;
				PRODUCT_NAME = FieldOfChaos;
				SWIFT_INCLUDE_PATHS = "$(SRCROOT)/src/engine/include";
				SWIFT_VERSION = 5.0;
			};
			name = Release;
		};
		D20000000000000000000002 /* Debug */ = {
			isa = XCBuildConfiguration;
			buildSettings = {
				CODE_SIGN_STYLE = Automatic;
				HEADER_SEARCH_PATHS = "$(SRCROOT)/src/engine/include";
				MACOSX_DEPLOYMENT_TARGET = 13.0;
				PRODUCT_NAME = "$(TARGET_NAME)";
			};
			name = Debug;
		};
		D20000000000000000000003 /* Release */ = {
			isa = XCBuildConfiguration;
			buildSettings = {
				CODE_SIGN_STYLE = Automatic;
				HEADER_SEARCH_PATHS = "$(SRCROOT)/src/engine/include";
				MACOSX_DEPLOYMENT_TARGET = 13.0;
				PRODUCT_NAME = "$(TARGET_NAME)";
			};
			name = Release;
		};
		D30000000000000000000002 /* Debug */ = {
			isa = XCBuildConfiguration;
			buildSettings = {
				CODE_SIGN_STYLE = Automatic;
				HEADER_SEARCH_PATHS = "$(SRCROOT)/src/engine/include";
				MACOSX_DEPLOYMENT_TARGET = 13.0;
				PRODUCT_NAME = "$(TARGET_NAME)";
			};
			name = Debug;
		};
		D30000000000000000000003 /* Release */ = {
			isa = XCBuildConfiguration;
			buildSettings = {
				CODE_SIGN_STYLE = Automatic;
				HEADER_SEARCH_PATHS = "$(SRCROOT)/src/engine/include";
				MACOSX_DEPLOYMENT_TARGET = 13.0;
				PRODUCT_NAME = "$(TARGET_NAME)";
			};
			name = Release;
		};
		D40000000000000000000002 /* Debug */ = {
			isa = XCBuildConfiguration;
			buildSettings = {
				CODE_SIGN_STYLE = Automatic;
				HEADER_SEARCH_PATHS = "$(SRCROOT)/src/engine/include";
				MACOSX_DEPLOYMENT_TARGET = 13.0;
				PRODUCT_NAME = "$(TARGET_NAME)";
			};
			name = Debug;
		};
		D40000000000000000000003 /* Release */ = {
			isa = XCBuildConfiguration;
			buildSettings = {
				CODE_SIGN_STYLE = Automatic;
				HEADER_SEARCH_PATHS = "$(SRCROOT)/src/engine/include";
				MACOSX_DEPLOYMENT_TARGET = 13.0;
				PRODUCT_NAME = "$(TARGET_NAME)";
			};
			name = Release;
		};
/* End XCBuildConfiguration section */

/* Begin XCConfigurationList section */
		D00000000000000000000001 /* Build configuration list for PBXProject "FieldOfChaos" */ = {
			isa = XCConfigurationList;
			buildConfigurations = (
				D00000000000000000000002 /* Debug */,
				D00000000000000000000003 /* Release */,
			);
			defaultConfigurationIsVisible = 0;
			defaultConfigurationName = Release;
		};
		C20000000000000000000001 /* Build configuration list for PBXNativeTarget "FieldOfChaos" */ = {
			isa = XCConfigurationList;
			buildConfigurations = (
				D10000000000000000000002 /* Debug */,
				D10000000000000000000003 /* Release */,
			);
			defaultConfigurationIsVisible = 0;
			defaultConfigurationName = Release;
		};
		C20100000000000000000001 /* Build configuration list for PBXNativeTarget "fieldofchaos" */ = {
			isa = XCConfigurationList;
			buildConfigurations = (
				D20000000000000000000002 /* Debug */,
				D20000000000000000000003 /* Release */,
			);
			defaultConfigurationIsVisible = 0;
			defaultConfigurationName = Release;
		};
		C20200000000000000000001 /* Build configuration list for PBXNativeTarget "character_create" */ = {
			isa = XCConfigurationList;
			buildConfigurations = (
				D30000000000000000000002 /* Debug */,
				D30000000000000000000003 /* Release */,
			);
			defaultConfigurationIsVisible = 0;
			defaultConfigurationName = Release;
		};
		C20300000000000000000001 /* Build configuration list for PBXNativeTarget "test_engine" */ = {
			isa = XCConfigurationList;
			buildConfigurations = (
				D40000000000000000000002 /* Debug */,
				D40000000000000000000003 /* Release */,
			);
			defaultConfigurationIsVisible = 0;
			defaultConfigurationName = Release;
		};
/* End XCConfigurationList section */
	};
	rootObject = A00000000000000000000001 /* Project object */;
}
